
Microsoft Visual Studio Solution File, Format Version 12.00
# Visual Studio 15
Project("{FAE04EC0-301F-11D3-BF4B-00C04F79EFBC}") = "Assembly-CSharp", "Assembly-CSharp.csproj", "{9C169BE5-F233-617D-A816-8B16142ADC9E}"
EndProject
Project("{FAE04EC0-301F-11D3-BF4B-00C04F79EFBC}") = "Assembly-CSharp-Editor", "Assembly-CSharp-Editor.csproj", "{08C91CF9-FEF5-0C93-1039-0948E2D33125}"
EndProject
Project("{FAE04EC0-301F-11D3-BF4B-00C04F79EFBC}") = "Root", "Root.csproj", "{C4E1610F-770A-C74F-5F98-067B24523433}"
EndProject
Project("{FAE04EC0-301F-11D3-BF4B-00C04F79EFBC}") = "Tests", "Tests.csproj", "{61EE0704-8B7F-6524-69FC-61772385BC80}"
EndProject
Global
	GlobalSection(SolutionConfigurationPlatforms) = preSolution
		Debug|Any CPU = Debug|Any CPU
		Release|Any CPU = Release|Any CPU
	EndGlobalSection
	GlobalSection(ProjectConfigurationPlatforms) = postSolution
		{9C169BE5-F233-617D-A816-8B16142ADC9E}.Debug|Any CPU.ActiveCfg = Debug|Any CPU
		{9C169BE5-F233-617D-A816-8B16142ADC9E}.Debug|Any CPU.Build.0 = Debug|Any CPU
		{9C169BE5-F233-617D-A816-8B16142ADC9E}.Release|Any CPU.ActiveCfg = Release|Any CPU
		{9C169BE5-F233-617D-A816-8B16142ADC9E}.Release|Any CPU.Build.0 = Release|Any CPU
		{08C91CF9-FEF5-0C93-1039-0948E2D33125}.Debug|Any CPU.ActiveCfg = Debug|Any CPU
		{08C91CF9-FEF5-0C93-1039-0948E2D33125}.Debug|Any CPU.Build.0 = Debug|Any CPU
		{08C91CF9-FEF5-0C93-1039-0948E2D33125}.Release|Any CPU.ActiveCfg = Release|Any CPU
		{08C91CF9-FEF5-0C93-1039-0948E2D33125}.Release|Any CPU.Build.0 = Release|Any CPU
		{C4E1610F-770A-C74F-5F98-067B24523433}.Debug|Any CPU.ActiveCfg = Debug|Any CPU
		{C4E1610F-770A-C74F-5F98-067B24523433}.Debug|Any CPU.Build.0 = Debug|Any CPU
		{C4E1610F-770A-C74F-5F98-067B24523433}.Release|Any CPU.ActiveCfg = Release|Any CPU
		{C4E1610F-770A-C74F-5F98-067B24523433}.Release|Any CPU.Build.0 = Release|Any CPU
		{61EE0704-8B7F-6524-69FC-61772385BC80}.Debug|Any CPU.ActiveCfg = Debug|Any CPU
		{61EE0704-8B7F-6524-69FC-61772385BC80}.Debug|Any CPU.Build.0 = Debug|Any CPU
		{61EE0704-8B7F-6524-69FC-61772385BC80}.Release|Any CPU.ActiveCfg = Release|Any CPU
		{61EE0704-8B7F-6524-69FC-61772385BC80}.Release|Any CPU.Build.0 = Release|Any CPU
	EndGlobalSection
	GlobalSection(SolutionProperties) = preSolution
		HideSolutionNode = FALSE
	EndGlobalSection
EndGlobal
